version = 1
revision = 1
requires-python = ">=3.12"

[[package]]
name = "boto3"
version = "1.37.16"
source = { registry = "https://pypi.org/simple" }
dependencies = [
    { name = "botocore" },
    { name = "jmespath" },
    { name = "s3transfer" },
]
sdist = { url = "https://files.pythonhosted.org/packages/cd/29/c41f2d8ff81cd4b6f9a2eb9367666d9e8613b507f194096b0526bf7a70d2/boto3-1.37.16.tar.gz", hash = "sha256:c9e820b5c7363329951ca3429fa5d51137cbd9766e063d15f212ee407fff89e9", size = 111388 }
wheels = [
    { url = "https://files.pythonhosted.org/packages/09/7f/d667f5be40ccc21fed232f26473b352c6e329298e495b3cf230aef889348/boto3-1.37.16-py3-none-any.whl", hash = "sha256:7ba243b8f9e11ea8856b1875293f1d43f3aa04960d823f2016cb624f47d45048", size = 139562 },
]

[[package]]
name = "boto3-stubs"
version = "1.37.16"
source = { registry = "https://pypi.org/simple" }
dependencies = [
    { name = "botocore-stubs" },
    { name = "types-s3transfer" },
]
sdist = { url = "https://files.pythonhosted.org/packages/f1/fe/8e1102c2cc1b0d595ef6e440dd2add01d13cd272490cc2ef8f920e00c1a2/boto3_stubs-1.37.16.tar.gz", hash = "sha256:d720dd12bf0fbd0ab9184ed8d289137f29cd329a7ae33aaa668b4bc7f99da405", size = 99120 }
wheels = [
    { url = "https://files.pythonhosted.org/packages/fa/b7/61747672c563babb6de4c9c6ce327fc90d5b585eaf50773559c298ad312d/boto3_stubs-1.37.16-py3-none-any.whl", hash = "sha256:1d6332ab6e27c6b3607e15969945482c05852f4674610a6d078d3cf8aff2d784", size = 68645 },
]

[package.optional-dependencies]
textract = [
    { name = "mypy-boto3-textract" },
]

[[package]]
name = "botocore"
version = "1.37.16"
source = { registry = "https://pypi.org/simple" }
dependencies = [
    { name = "jmespath" },
    { name = "python-dateutil" },
    { name = "urllib3" },
]
sdist = { url = "https://files.pythonhosted.org/packages/eb/01/8b3015e8ee5b385be7cf53919fa7ee371f61ede18827ca397c446f443e53/botocore-1.37.16.tar.gz", hash = "sha256:26bdf95d5448682bdb05ff4b15b007f977d027c0d791482b43e69f098e609978", size = 13660353 }
wheels = [
    { url = "https://files.pythonhosted.org/packages/d2/e9/98d3f5135cce841b54a8952f244db906511acba624252559e21188f84e90/botocore-1.37.16-py3-none-any.whl", hash = "sha256:d74d04830ead12933a96dc407175ae98b32a5dd0059d7d2b28fc7aa4ed9d3b48", size = 13422674 },
]

[[package]]
name = "botocore-stubs"
version = "1.37.16"
source = { registry = "https://pypi.org/simple" }
dependencies = [
    { name = "types-awscrt" },
]
sdist = { url = "https://files.pythonhosted.org/packages/95/26/913c1cfeda960090916427771e00f0ee794acf205845e8eb658cdf9a7601/botocore_stubs-1.37.16.tar.gz", hash = "sha256:532376611ae0c49488b7bdac3674da9ac0de9a6c65198432790b11da41502caf", size = 42129 }
wheels = [
    { url = "https://files.pythonhosted.org/packages/31/b6/e1fb3cee7b9fa4390801f0aa0a3b32e0628709f80808ba36ce1c8fab3c59/botocore_stubs-1.37.16-py3-none-any.whl", hash = "sha256:33973ee0e54ad5bf9f8560b2c36fc532b98540af6b9d4a57ffce5ae62a743a2a", size = 65421 },
]

[[package]]
name = "jmespath"
version = "1.0.1"
source = { registry = "https://pypi.org/simple" }
sdist = { url = "https://files.pythonhosted.org/packages/00/2a/e867e8531cf3e36b41201936b7fa7ba7b5702dbef42922193f05c8976cd6/jmespath-1.0.1.tar.gz", hash = "sha256:90261b206d6defd58fdd5e85f478bf633a2901798906be2ad389150c5c60edbe", size = 25843 }
wheels = [
    { url = "https://files.pythonhosted.org/packages/31/b4/b9b800c45527aadd64d5b442f9b932b00648617eb5d63d2c7a6587b7cafc/jmespath-1.0.1-py3-none-any.whl", hash = "sha256:02e2e4cc71b5bcab88332eebf907519190dd9e6e82107fa7f83b1003a6252980", size = 20256 },
]

[[package]]
name = "mypy-boto3-textract"
version = "1.37.0"
source = { registry = "https://pypi.org/simple" }
sdist = { url = "https://files.pythonhosted.org/packages/d4/3d/e346f934b0ebe378e9caf7c9aaf0e01ce6ea8c4969f431afe7e9c16b2bf1/mypy_boto3_textract-1.37.0.tar.gz", hash = "sha256:8b50830dfd74834139694d63d1f4ee04bb5d4a794267e6e28c3223bf9b30e897", size = 21781 }
wheels = [
    { url = "https://files.pythonhosted.org/packages/4b/99/24efe0cfc8a3f2eee35dfa87c8459f1fba3311fa5e911e81f82d41e7514d/mypy_boto3_textract-1.37.0-py3-none-any.whl", hash = "sha256:c870a06da6263a47d3651c39933857277ce69a4830996ee8c58d62b87cf1febe", size = 29991 },
]

[[package]]
name = "ocr-lista-escolar"
version = "0.1.0"
source = { virtual = "." }
dependencies = [
    { name = "boto3" },
    { name = "boto3-stubs", extra = ["textract"] },
]

[package.metadata]
requires-dist = [
    { name = "boto3", specifier = ">=1.37.16" },
    { name = "boto3-stubs", extras = ["textract"], specifier = ">=1.37.16" },
]

[[package]]
name = "python-dateutil"
version = "2.9.0.post0"
source = { registry = "https://pypi.org/simple" }
dependencies = [
    { name = "six" },
]
sdist = { url = "https://files.pythonhosted.org/packages/66/c0/0c8b6ad9f17a802ee498c46e004a0eb49bc148f2fd230864601a86dcf6db/python-dateutil-2.9.0.post0.tar.gz", hash = "sha256:37dd54208da7e1cd875388217d5e00ebd4179249f90fb72437e91a35459a0ad3", size = 342432 }
wheels = [
    { url = "https://files.pythonhosted.org/packages/ec/57/56b9bcc3c9c6a792fcbaf139543cee77261f3651ca9da0c93f5c1221264b/python_dateutil-2.9.0.post0-py2.py3-none-any.whl", hash = "sha256:a8b2bc7bffae282281c8140a97d3aa9c14da0b136dfe83f850eea9a5f7470427", size = 229892 },
]

[[package]]
name = "s3transfer"
version = "0.11.4"
source = { registry = "https://pypi.org/simple" }
dependencies = [
    { name = "botocore" },
]
sdist = { url = "https://files.pythonhosted.org/packages/0f/ec/aa1a215e5c126fe5decbee2e107468f51d9ce190b9763cb649f76bb45938/s3transfer-0.11.4.tar.gz", hash = "sha256:559f161658e1cf0a911f45940552c696735f5c74e64362e515f333ebed87d679", size = 148419 }
wheels = [
    { url = "https://files.pythonhosted.org/packages/86/62/8d3fc3ec6640161a5649b2cddbbf2b9fa39c92541225b33f117c37c5a2eb/s3transfer-0.11.4-py3-none-any.whl", hash = "sha256:ac265fa68318763a03bf2dc4f39d5cbd6a9e178d81cc9483ad27da33637e320d", size = 84412 },
]

[[package]]
name = "six"
version = "1.17.0"
source = { registry = "https://pypi.org/simple" }
sdist = { url = "https://files.pythonhosted.org/packages/94/e7/b2c673351809dca68a0e064b6af791aa332cf192da575fd474ed7d6f16a2/six-1.17.0.tar.gz", hash = "sha256:ff70335d468e7eb6ec65b95b99d3a2836546063f63acc5171de367e834932a81", size = 34031 }
wheels = [
    { url = "https://files.pythonhosted.org/packages/b7/ce/149a00dd41f10bc29e5921b496af8b574d8413afcd5e30dfa0ed46c2cc5e/six-1.17.0-py2.py3-none-any.whl", hash = "sha256:4721f391ed90541fddacab5acf947aa0d3dc7d27b2e1e8eda2be8970586c3274", size = 11050 },
]

[[package]]
name = "types-awscrt"
version = "0.24.2"
source = { registry = "https://pypi.org/simple" }
sdist = { url = "https://files.pythonhosted.org/packages/28/2d/393ac8f215417bc532ef9451ba42f148ecedcd5ff91095d8640042ecae2c/types_awscrt-0.24.2.tar.gz", hash = "sha256:5826baf69ad5d29c76be49fc7df00222281fa31b14f99e9fb4492d71ec98fea5", size = 15441 }
wheels = [
    { url = "https://files.pythonhosted.org/packages/3f/33/e2b7dcb6acc3ba8e8191571c38d2d64fc0822e8fd53fff0f2736859abef6/types_awscrt-0.24.2-py3-none-any.whl", hash = "sha256:345ab84a4f75b26bfb816b249657855824a4f2d1ce5b58268c549f81fce6eccc", size = 19414 },
]

[[package]]
name = "types-s3transfer"
version = "0.11.4"
source = { registry = "https://pypi.org/simple" }
sdist = { url = "https://files.pythonhosted.org/packages/93/a9/440d8ba72a81bcf2cc5a56ef63f23b58ce93e7b9b62409697553bdcdd181/types_s3transfer-0.11.4.tar.gz", hash = "sha256:05fde593c84270f19fd053f0b1e08f5a057d7c5f036b9884e68fb8cd3041ac30", size = 14074 }
wheels = [
    { url = "https://files.pythonhosted.org/packages/d0/69/0b5ae42c3c33d31a32f7dcb9f35a3e327365360a6e4a2a7b491904bd38aa/types_s3transfer-0.11.4-py3-none-any.whl", hash = "sha256:2a76d92c07d4a3cb469e5343b2e7560e0b8078b2e03696a65407b8c44c861b61", size = 19516 },
]

[[package]]
name = "urllib3"
version = "2.3.0"
source = { registry = "https://pypi.org/simple" }
sdist = { url = "https://files.pythonhosted.org/packages/aa/63/e53da845320b757bf29ef6a9062f5c669fe997973f966045cb019c3f4b66/urllib3-2.3.0.tar.gz", hash = "sha256:f8c5449b3cf0861679ce7e0503c7b44b5ec981bec0d1d3795a07f1ba96f0204d", size = 307268 }
wheels = [
    { url = "https://files.pythonhosted.org/packages/c8/19/4ec628951a74043532ca2cf5d97b7b14863931476d117c471e8e2b1eb39f/urllib3-2.3.0-py3-none-any.whl", hash = "sha256:1cee9ad369867bfdbbb48b7dd50374c0967a0bb7710050facf0dd6911440e3df", size = 128369 },
]
